{
  "nodes": {
    "agenix": {
      "inputs": {
        "darwin": "darwin",
        "home-manager": "home-manager",
        "nixpkgs": "nixpkgs"
      },
      "locked": {
        "lastModified": 1703260116,
        "narHash": "sha256-ipqShkBmHKC9ft1ZAsA6aeKps32k7+XZSPwfxeHLsAU=",
        "owner": "ryantm",
        "repo": "agenix",
        "rev": "d0d4ad5be611da43da04321f49684ad72d705c7e",
        "type": "github"
      },
      "original": {
        "owner": "ryantm",
        "repo": "agenix",
        "type": "github"
      }
    },
    "agenix-rekey": {
      "inputs": {
        "devshell": "devshell",
        "flake-utils": "flake-utils",
        "nixpkgs": [
          "nixpkgs"
        ],
        "pre-commit-hooks": "pre-commit-hooks",
        "systems": "systems_3"
      },
      "locked": {
        "lastModified": 1703292337,
        "narHash": "sha256-f30tLieATrYZD1IfwH4CgepaULUvVesCCcdGyCnvRXU=",
        "owner": "KeenWill",
        "repo": "agenix-rekey",
        "rev": "25e8125471696546f08dbee29d60cda2ad0d489a",
        "type": "github"
      },
      "original": {
        "owner": "KeenWill",
        "repo": "agenix-rekey",
        "type": "github"
      }
    },
    "brew-src": {
      "flake": false,
      "locked": {
        "lastModified": 1694443293,
        "narHash": "sha256-wBjbF2RRFyD4lN7ie98VnggmNBwAPv/dg2U+w5mUyuM=",
        "owner": "Homebrew",
        "repo": "brew",
        "rev": "4afb8e5602f3ecc9edf67a44257d8eceeaa8a108",
        "type": "github"
      },
      "original": {
        "owner": "Homebrew",
        "ref": "4.1.11",
        "repo": "brew",
        "type": "github"
      }
    },
    "darwin": {
      "inputs": {
        "nixpkgs": [
          "agenix",
          "nixpkgs"
        ]
      },
      "locked": {
        "lastModified": 1673295039,
        "narHash": "sha256-AsdYgE8/GPwcelGgrntlijMg4t3hLFJFCRF3tL5WVjA=",
        "owner": "lnl7",
        "repo": "nix-darwin",
        "rev": "87b9d090ad39b25b2400029c64825fc2a8868943",
        "type": "github"
      },
      "original": {
        "owner": "lnl7",
        "ref": "master",
        "repo": "nix-darwin",
        "type": "github"
      }
    },
    "darwin_2": {
      "inputs": {
        "nixpkgs": [
          "nixpkgs"
        ]
      },
      "locked": {
        "lastModified": 1703271201,
        "narHash": "sha256-9uB7x1XP+/+We4mYpxC8UMgxlC0efP6P+4dsgqFuxCU=",
        "owner": "LnL7",
        "repo": "nix-darwin",
        "rev": "010a625bd74bc623153344f52f71cc965b31d75a",
        "type": "github"
      },
      "original": {
        "owner": "LnL7",
        "ref": "master",
        "repo": "nix-darwin",
        "type": "github"
      }
    },
    "devshell": {
      "inputs": {
        "nixpkgs": [
          "agenix-rekey",
          "nixpkgs"
        ],
        "systems": "systems"
      },
      "locked": {
        "lastModified": 1695195896,
        "narHash": "sha256-pq9q7YsGXnQzJFkR5284TmxrLNFc0wo4NQ/a5E93CQU=",
        "owner": "numtide",
        "repo": "devshell",
        "rev": "05d40d17bf3459606316e3e9ec683b784ff28f16",
        "type": "github"
      },
      "original": {
        "owner": "numtide",
        "repo": "devshell",
        "type": "github"
      }
    },
    "disko": {
      "inputs": {
        "nixpkgs": [
          "nixpkgs"
        ]
      },
      "locked": {
        "lastModified": 1703162528,
        "narHash": "sha256-pQ41wN6JlStkZOhRTIHEpuwVywLdh+xzZQW1+FzdjVs=",
        "owner": "nix-community",
        "repo": "disko",
        "rev": "a050895e4eb06e0738680021a701ea05dc8dbfc9",
        "type": "github"
      },
      "original": {
        "owner": "nix-community",
        "repo": "disko",
        "type": "github"
      }
    },
    "flake-compat": {
      "flake": false,
      "locked": {
        "lastModified": 1673956053,
        "narHash": "sha256-4gtG9iQuiKITOjNQQeQIpoIB6b16fm+504Ch3sNKLd8=",
        "owner": "edolstra",
        "repo": "flake-compat",
        "rev": "35bb57c0c8d8b62bbfd284272c928ceb64ddbde9",
        "type": "github"
      },
      "original": {
        "owner": "edolstra",
        "repo": "flake-compat",
        "type": "github"
      }
    },
    "flake-utils": {
      "inputs": {
        "systems": "systems_2"
      },
      "locked": {
        "lastModified": 1694529238,
        "narHash": "sha256-zsNZZGTGnMOf9YpHKJqMSsa0dXbfmxeoJ7xHlrt+xmY=",
        "owner": "numtide",
        "repo": "flake-utils",
        "rev": "ff7b65b44d01cf9ba6a71320833626af21126384",
        "type": "github"
      },
      "original": {
        "owner": "numtide",
        "repo": "flake-utils",
        "type": "github"
      }
    },
    "flake-utils_2": {
      "inputs": {
        "systems": "systems_4"
      },
      "locked": {
        "lastModified": 1687709756,
        "narHash": "sha256-Y5wKlQSkgEK2weWdOu4J3riRd+kV/VCgHsqLNTTWQ/0=",
        "owner": "numtide",
        "repo": "flake-utils",
        "rev": "dbabf0ca0c0c4bce6ea5eaf65af5cb694d2082c7",
        "type": "github"
      },
      "original": {
        "owner": "numtide",
        "repo": "flake-utils",
        "type": "github"
      }
    },
    "gitignore": {
      "inputs": {
        "nixpkgs": [
          "agenix-rekey",
          "pre-commit-hooks",
          "nixpkgs"
        ]
      },
      "locked": {
        "lastModified": 1660459072,
        "narHash": "sha256-8DFJjXG8zqoONA1vXtgeKXy68KdJL5UaXR8NtVMUbx8=",
        "owner": "hercules-ci",
        "repo": "gitignore.nix",
        "rev": "a20de23b925fd8264fd7fad6454652e142fd7f73",
        "type": "github"
      },
      "original": {
        "owner": "hercules-ci",
        "repo": "gitignore.nix",
        "type": "github"
      }
    },
    "home-manager": {
      "inputs": {
        "nixpkgs": [
          "agenix",
          "nixpkgs"
        ]
      },
      "locked": {
        "lastModified": 1682203081,
        "narHash": "sha256-kRL4ejWDhi0zph/FpebFYhzqlOBrk0Pl3dzGEKSAlEw=",
        "owner": "nix-community",
        "repo": "home-manager",
        "rev": "32d3e39c491e2f91152c84f8ad8b003420eab0a1",
        "type": "github"
      },
      "original": {
        "owner": "nix-community",
        "repo": "home-manager",
        "type": "github"
      }
    },
    "home-manager_2": {
      "inputs": {
        "nixpkgs": "nixpkgs_2"
      },
      "locked": {
        "lastModified": 1703350911,
        "narHash": "sha256-gkX+KwGGy8viF/gbdtGGdzmS1a+crP3Kwnyi9GlPLc8=",
        "owner": "nix-community",
        "repo": "home-manager",
        "rev": "7184dfe663ec35629802ed2a739147989173422a",
        "type": "github"
      },
      "original": {
        "owner": "nix-community",
        "repo": "home-manager",
        "type": "github"
      }
    },
    "homebrew-bundle": {
      "flake": false,
      "locked": {
        "lastModified": 1702986543,
        "narHash": "sha256-Ybb5fpDXY3aCTtUyDGHRrmb0kwMiPeSr+oGJzt9Eji0=",
        "owner": "homebrew",
        "repo": "homebrew-bundle",
        "rev": "e4798d8075e1a793f065be3e5e1674ec09193d17",
        "type": "github"
      },
      "original": {
        "owner": "homebrew",
        "repo": "homebrew-bundle",
        "type": "github"
      }
    },
    "homebrew-cask": {
      "flake": false,
      "locked": {
        "lastModified": 1703350264,
        "narHash": "sha256-GF5HJwWbbgIlHg1OChNI4xU42eQJ25AX1s8B2yqw4OQ=",
        "owner": "homebrew",
        "repo": "homebrew-cask",
        "rev": "a4e8801822c5a1689ca31eda09fbf6780ffa1a4b",
        "type": "github"
      },
      "original": {
        "owner": "homebrew",
        "repo": "homebrew-cask",
        "type": "github"
      }
    },
    "homebrew-core": {
      "flake": false,
      "locked": {
        "lastModified": 1703351014,
        "narHash": "sha256-OnbnFwL7YZIbvo3Ec0mPTnCnPIvVinT0BWwTiHJwUWg=",
        "owner": "homebrew",
        "repo": "homebrew-core",
        "rev": "3f676b581f604239c4202af55cdd3604ceb0ad05",
        "type": "github"
      },
      "original": {
        "owner": "homebrew",
        "repo": "homebrew-core",
        "type": "github"
      }
    },
    "nix-darwin": {
      "inputs": {
        "nixpkgs": "nixpkgs_3"
      },
      "locked": {
        "lastModified": 1688307440,
        "narHash": "sha256-7PTjbN+/+b799YN7Tk2SS5Vh8A0L3gBo8hmB7Y0VXug=",
        "owner": "LnL7",
        "repo": "nix-darwin",
        "rev": "b06bab83bdf285ea0ae3c8e145a081eb95959047",
        "type": "github"
      },
      "original": {
        "owner": "LnL7",
        "repo": "nix-darwin",
        "type": "github"
      }
    },
    "nix-homebrew": {
      "inputs": {
        "brew-src": "brew-src",
        "flake-utils": "flake-utils_2",
        "nix-darwin": "nix-darwin",
        "nixpkgs": "nixpkgs_4"
      },
      "locked": {
        "lastModified": 1695057498,
        "narHash": "sha256-wn3j7u5tOgLLbNxZC542rJiP5iX323m+CoGPMgPOxp4=",
        "owner": "zhaofengli-wip",
        "repo": "nix-homebrew",
        "rev": "6ab33c5e9249e74401144a7c667d96a757c5d341",
        "type": "github"
      },
      "original": {
        "owner": "zhaofengli-wip",
        "repo": "nix-homebrew",
        "type": "github"
      }
    },
    "nixlib": {
      "locked": {
        "lastModified": 1693701915,
        "narHash": "sha256-waHPLdDYUOHSEtMKKabcKIMhlUOHPOOPQ9UyFeEoovs=",
        "owner": "nix-community",
        "repo": "nixpkgs.lib",
        "rev": "f5af57d3ef9947a70ac86e42695231ac1ad00c25",
        "type": "github"
      },
      "original": {
        "owner": "nix-community",
        "repo": "nixpkgs.lib",
        "type": "github"
      }
    },
    "nixos-generators": {
      "inputs": {
        "nixlib": "nixlib",
        "nixpkgs": [
          "nixpkgs"
        ]
      },
      "locked": {
        "lastModified": 1701689616,
        "narHash": "sha256-ewnfgvRy73HoP5KnYmy1Rcr4m4yShvsb6TCCaKoW8pc=",
        "owner": "nix-community",
        "repo": "nixos-generators",
        "rev": "246219bc21b943c6f6812bb7744218ba0df08600",
        "type": "github"
      },
      "original": {
        "owner": "nix-community",
        "repo": "nixos-generators",
        "type": "github"
      }
    },
    "nixpkgs": {
      "locked": {
        "lastModified": 1677676435,
        "narHash": "sha256-6FxdcmQr5JeZqsQvfinIMr0XcTyTuR7EXX0H3ANShpQ=",
        "owner": "NixOS",
        "repo": "nixpkgs",
        "rev": "a08d6979dd7c82c4cef0dcc6ac45ab16051c1169",
        "type": "github"
      },
      "original": {
        "owner": "NixOS",
        "ref": "nixos-unstable",
        "repo": "nixpkgs",
        "type": "github"
      }
    },
    "nixpkgs-stable": {
      "locked": {
        "lastModified": 1685801374,
        "narHash": "sha256-otaSUoFEMM+LjBI1XL/xGB5ao6IwnZOXc47qhIgJe8U=",
        "owner": "NixOS",
        "repo": "nixpkgs",
        "rev": "c37ca420157f4abc31e26f436c1145f8951ff373",
        "type": "github"
      },
      "original": {
        "owner": "NixOS",
        "ref": "nixos-23.05",
        "repo": "nixpkgs",
        "type": "github"
      }
    },
    "nixpkgs_2": {
      "locked": {
        "lastModified": 1702312524,
        "narHash": "sha256-gkZJRDBUCpTPBvQk25G0B7vfbpEYM5s5OZqghkjZsnE=",
        "owner": "NixOS",
        "repo": "nixpkgs",
        "rev": "a9bf124c46ef298113270b1f84a164865987a91c",
        "type": "github"
      },
      "original": {
        "owner": "NixOS",
        "ref": "nixos-unstable",
        "repo": "nixpkgs",
        "type": "github"
      }
    },
    "nixpkgs_3": {
      "locked": {
        "lastModified": 1687274257,
        "narHash": "sha256-TutzPriQcZ8FghDhEolnHcYU2oHIG5XWF+/SUBNnAOE=",
        "path": "/nix/store/22qgs3skscd9bmrxv9xv4q5d4wwm5ppx-source",
        "rev": "2c9ecd1f0400076a4d6b2193ad468ff0a7e7fdc5",
        "type": "path"
      },
      "original": {
        "id": "nixpkgs",
        "type": "indirect"
      }
    },
    "nixpkgs_4": {
      "locked": {
        "lastModified": 1688049487,
        "narHash": "sha256-100g4iaKC9MalDjUW9iN6Jl/OocTDtXdeAj7pEGIRh4=",
        "owner": "NixOS",
        "repo": "nixpkgs",
        "rev": "4bc72cae107788bf3f24f30db2e2f685c9298dc9",
        "type": "github"
      },
      "original": {
        "owner": "NixOS",
        "ref": "nixos-unstable",
        "repo": "nixpkgs",
        "type": "github"
      }
    },
    "nixpkgs_5": {
      "locked": {
        "lastModified": 1703134684,
        "narHash": "sha256-SQmng1EnBFLzS7WSRyPM9HgmZP2kLJcPAz+Ug/nug6o=",
        "owner": "NixOS",
        "repo": "nixpkgs",
        "rev": "d6863cbcbbb80e71cecfc03356db1cda38919523",
        "type": "github"
      },
      "original": {
        "id": "nixpkgs",
        "type": "indirect"
      }
    },
    "pre-commit-hooks": {
      "inputs": {
        "flake-compat": "flake-compat",
        "flake-utils": [
          "agenix-rekey",
          "flake-utils"
        ],
        "gitignore": "gitignore",
        "nixpkgs": [
          "agenix-rekey",
          "nixpkgs"
        ],
        "nixpkgs-stable": "nixpkgs-stable"
      },
      "locked": {
        "lastModified": 1694364351,
        "narHash": "sha256-oadhSCqopYXxURwIA6/Anpe5IAG11q2LhvTJNP5zE6o=",
        "owner": "cachix",
        "repo": "pre-commit-hooks.nix",
        "rev": "4f883a76282bc28eb952570afc3d8a1bf6f481d7",
        "type": "github"
      },
      "original": {
        "owner": "cachix",
        "repo": "pre-commit-hooks.nix",
        "type": "github"
      }
    },
    "root": {
      "inputs": {
        "agenix": "agenix",
        "agenix-rekey": "agenix-rekey",
        "darwin": "darwin_2",
        "disko": "disko",
        "home-manager": "home-manager_2",
        "homebrew-bundle": "homebrew-bundle",
        "homebrew-cask": "homebrew-cask",
        "homebrew-core": "homebrew-core",
        "nix-homebrew": "nix-homebrew",
        "nixos-generators": "nixos-generators",
        "nixpkgs": "nixpkgs_5",
        "secrets": "secrets"
      }
    },
    "secrets": {
      "flake": false,
      "locked": {
        "lastModified": 1703221029,
        "narHash": "sha256-/QP2gVvN8egpmsPZtHy4UzPKUkbqegcTMijhKWsqykY=",
        "ref": "refs/heads/main",
        "rev": "788704716a0fa21b8f395bd0b74ac11c8bfd3881",
        "revCount": 4,
        "type": "git",
        "url": "ssh://git@github.com/KeenWill/nix-secrets.git"
      },
      "original": {
        "type": "git",
        "url": "ssh://git@github.com/KeenWill/nix-secrets.git"
      }
    },
    "systems": {
      "locked": {
        "lastModified": 1681028828,
        "narHash": "sha256-Vy1rq5AaRuLzOxct8nz4T6wlgyUR7zLU309k9mBC768=",
        "owner": "nix-systems",
        "repo": "default",
        "rev": "da67096a3b9bf56a91d16901293e51ba5b49a27e",
        "type": "github"
      },
      "original": {
        "owner": "nix-systems",
        "repo": "default",
        "type": "github"
      }
    },
    "systems_2": {
      "locked": {
        "lastModified": 1681028828,
        "narHash": "sha256-Vy1rq5AaRuLzOxct8nz4T6wlgyUR7zLU309k9mBC768=",
        "owner": "nix-systems",
        "repo": "default",
        "rev": "da67096a3b9bf56a91d16901293e51ba5b49a27e",
        "type": "github"
      },
      "original": {
        "owner": "nix-systems",
        "repo": "default",
        "type": "github"
      }
    },
    "systems_3": {
      "locked": {
        "lastModified": 1681028828,
        "narHash": "sha256-Vy1rq5AaRuLzOxct8nz4T6wlgyUR7zLU309k9mBC768=",
        "owner": "nix-systems",
        "repo": "default",
        "rev": "da67096a3b9bf56a91d16901293e51ba5b49a27e",
        "type": "github"
      },
      "original": {
        "owner": "nix-systems",
        "repo": "default",
        "type": "github"
      }
    },
    "systems_4": {
      "locked": {
        "lastModified": 1681028828,
        "narHash": "sha256-Vy1rq5AaRuLzOxct8nz4T6wlgyUR7zLU309k9mBC768=",
        "owner": "nix-systems",
        "repo": "default",
        "rev": "da67096a3b9bf56a91d16901293e51ba5b49a27e",
        "type": "github"
      },
      "original": {
        "owner": "nix-systems",
        "repo": "default",
        "type": "github"
      }
    }
  },
  "root": "root",
  "version": 7
}
